
Microsoft Visual Studio Solution File, Format Version 12.00
# Visual Studio Version 16
VisualStudioVersion = 16.0.31313.79
MinimumVisualStudioVersion = 10.0.40219.1
Project("{2150E333-8FDC-42A3-9474-1A3956D46DE8}") = "Common", "Common", "{675BA13A-54BC-46BA-8349-3946E59AD607}"
EndProject
Project("{2150E333-8FDC-42A3-9474-1A3956D46DE8}") = "Services", "Services", "{C71A7441-4B66-414D-8ED7-D564FB898A73}"
EndProject
Project("{2150E333-8FDC-42A3-9474-1A3956D46DE8}") = "UI", "UI", "{F601F52D-011D-4CB7-9F54-246F74F80D58}"
EndProject
Project("{9A19103F-16F7-4668-BE54-9A1E7A4F7556}") = "WebStore.Domain", "Common\WebStore.Domain\WebStore.Domain.csproj", "{69D77908-FD99-40ED-826A-3F1908C8222C}"
EndProject
Project("{9A19103F-16F7-4668-BE54-9A1E7A4F7556}") = "WebStore.DAL", "Services\WebStore.DAL\WebStore.DAL.csproj", "{8452E1B3-1149-42BB-8461-15B89B7A2EFE}"
EndProject
Project("{9A19103F-16F7-4668-BE54-9A1E7A4F7556}") = "WebStore", "UI\WebStore\WebStore.csproj", "{A5BD916C-0AF0-4F15-A067-AD52DBBB6F6D}"
EndProject
Project("{9A19103F-16F7-4668-BE54-9A1E7A4F7556}") = "WebStore.Interfaces", "Services\WebStore.Interfaces\WebStore.Interfaces.csproj", "{A09DA8AB-E345-40CB-AA6F-80DD296830B7}"
EndProject
Project("{9A19103F-16F7-4668-BE54-9A1E7A4F7556}") = "WebStore.Services", "Services\WebStore.Services\WebStore.Services.csproj", "{403C4FC3-16C8-4FB0-961B-0F8A76CBE503}"
EndProject
Project("{9A19103F-16F7-4668-BE54-9A1E7A4F7556}") = "WebStore.WebAPI", "Services\WebStore.WebAPI\WebStore.WebAPI.csproj", "{0C39E0C6-8B8B-46DE-BB23-3C5D75E79914}"
EndProject
Project("{9A19103F-16F7-4668-BE54-9A1E7A4F7556}") = "WebStore.WebAPI.Clients", "Services\WebStore.WebAPI.Clients\WebStore.WebAPI.Clients.csproj", "{13EDEAF4-7AF3-47BC-B50E-2A76B07B07BC}"
EndProject
Project("{2150E333-8FDC-42A3-9474-1A3956D46DE8}") = "Tests", "Tests", "{BA130F97-0298-4A49-A616-E9F7B09602EF}"
EndProject
Project("{9A19103F-16F7-4668-BE54-9A1E7A4F7556}") = "WebStore.Tests", "Tests\WebStore.Tests\WebStore.Tests.csproj", "{A01B6D35-90DA-40DB-A1F9-74D9BE8D5DBD}"
EndProject
Project("{FAE04EC0-301F-11D3-BF4B-00C04F79EFBC}") = "WebStore.Services.Tests", "Tests\WebStore.Services.Tests\WebStore.Services.Tests.csproj", "{06272BD3-1836-4E7F-8DB2-3C86FA254F31}"
Project("{FAE04EC0-301F-11D3-BF4B-00C04F79EFBC}") = "WebStore.Logger", "Common\WebStore.Logger\WebStore.Logger.csproj", "{1A2B268A-C5F7-48EF-8E5E-610CC752FCA2}"
EndProject
Global
	GlobalSection(SolutionConfigurationPlatforms) = preSolution
		Debug|Any CPU = Debug|Any CPU
		Release|Any CPU = Release|Any CPU
	EndGlobalSection
	GlobalSection(ProjectConfigurationPlatforms) = postSolution
		{69D77908-FD99-40ED-826A-3F1908C8222C}.Debug|Any CPU.ActiveCfg = Debug|Any CPU
		{69D77908-FD99-40ED-826A-3F1908C8222C}.Debug|Any CPU.Build.0 = Debug|Any CPU
		{69D77908-FD99-40ED-826A-3F1908C8222C}.Release|Any CPU.ActiveCfg = Release|Any CPU
		{69D77908-FD99-40ED-826A-3F1908C8222C}.Release|Any CPU.Build.0 = Release|Any CPU
		{8452E1B3-1149-42BB-8461-15B89B7A2EFE}.Debug|Any CPU.ActiveCfg = Debug|Any CPU
		{8452E1B3-1149-42BB-8461-15B89B7A2EFE}.Debug|Any CPU.Build.0 = Debug|Any CPU
		{8452E1B3-1149-42BB-8461-15B89B7A2EFE}.Release|Any CPU.ActiveCfg = Release|Any CPU
		{8452E1B3-1149-42BB-8461-15B89B7A2EFE}.Release|Any CPU.Build.0 = Release|Any CPU
		{A5BD916C-0AF0-4F15-A067-AD52DBBB6F6D}.Debug|Any CPU.ActiveCfg = Debug|Any CPU
		{A5BD916C-0AF0-4F15-A067-AD52DBBB6F6D}.Debug|Any CPU.Build.0 = Debug|Any CPU
		{A5BD916C-0AF0-4F15-A067-AD52DBBB6F6D}.Release|Any CPU.ActiveCfg = Release|Any CPU
		{A5BD916C-0AF0-4F15-A067-AD52DBBB6F6D}.Release|Any CPU.Build.0 = Release|Any CPU
		{A09DA8AB-E345-40CB-AA6F-80DD296830B7}.Debug|Any CPU.ActiveCfg = Debug|Any CPU
		{A09DA8AB-E345-40CB-AA6F-80DD296830B7}.Debug|Any CPU.Build.0 = Debug|Any CPU
		{A09DA8AB-E345-40CB-AA6F-80DD296830B7}.Release|Any CPU.ActiveCfg = Release|Any CPU
		{A09DA8AB-E345-40CB-AA6F-80DD296830B7}.Release|Any CPU.Build.0 = Release|Any CPU
		{403C4FC3-16C8-4FB0-961B-0F8A76CBE503}.Debug|Any CPU.ActiveCfg = Debug|Any CPU
		{403C4FC3-16C8-4FB0-961B-0F8A76CBE503}.Debug|Any CPU.Build.0 = Debug|Any CPU
		{403C4FC3-16C8-4FB0-961B-0F8A76CBE503}.Release|Any CPU.ActiveCfg = Release|Any CPU
		{403C4FC3-16C8-4FB0-961B-0F8A76CBE503}.Release|Any CPU.Build.0 = Release|Any CPU
		{0C39E0C6-8B8B-46DE-BB23-3C5D75E79914}.Debug|Any CPU.ActiveCfg = Debug|Any CPU
		{0C39E0C6-8B8B-46DE-BB23-3C5D75E79914}.Debug|Any CPU.Build.0 = Debug|Any CPU
		{0C39E0C6-8B8B-46DE-BB23-3C5D75E79914}.Release|Any CPU.ActiveCfg = Release|Any CPU
		{0C39E0C6-8B8B-46DE-BB23-3C5D75E79914}.Release|Any CPU.Build.0 = Release|Any CPU
		{13EDEAF4-7AF3-47BC-B50E-2A76B07B07BC}.Debug|Any CPU.ActiveCfg = Debug|Any CPU
		{13EDEAF4-7AF3-47BC-B50E-2A76B07B07BC}.Debug|Any CPU.Build.0 = Debug|Any CPU
		{13EDEAF4-7AF3-47BC-B50E-2A76B07B07BC}.Release|Any CPU.ActiveCfg = Release|Any CPU
		{13EDEAF4-7AF3-47BC-B50E-2A76B07B07BC}.Release|Any CPU.Build.0 = Release|Any CPU
		{A01B6D35-90DA-40DB-A1F9-74D9BE8D5DBD}.Debug|Any CPU.ActiveCfg = Debug|Any CPU
		{A01B6D35-90DA-40DB-A1F9-74D9BE8D5DBD}.Debug|Any CPU.Build.0 = Debug|Any CPU
		{A01B6D35-90DA-40DB-A1F9-74D9BE8D5DBD}.Release|Any CPU.ActiveCfg = Release|Any CPU
		{A01B6D35-90DA-40DB-A1F9-74D9BE8D5DBD}.Release|Any CPU.Build.0 = Release|Any CPU
		{06272BD3-1836-4E7F-8DB2-3C86FA254F31}.Debug|Any CPU.ActiveCfg = Debug|Any CPU
		{06272BD3-1836-4E7F-8DB2-3C86FA254F31}.Debug|Any CPU.Build.0 = Debug|Any CPU
		{06272BD3-1836-4E7F-8DB2-3C86FA254F31}.Release|Any CPU.ActiveCfg = Release|Any CPU
		{06272BD3-1836-4E7F-8DB2-3C86FA254F31}.Release|Any CPU.Build.0 = Release|Any CPU
	EndGlobalSection
	GlobalSection(SolutionProperties) = preSolution
		HideSolutionNode = FALSE
	EndGlobalSection
	GlobalSection(NestedProjects) = preSolution
		{69D77908-FD99-40ED-826A-3F1908C8222C} = {675BA13A-54BC-46BA-8349-3946E59AD607}
		{8452E1B3-1149-42BB-8461-15B89B7A2EFE} = {C71A7441-4B66-414D-8ED7-D564FB898A73}
		{A5BD916C-0AF0-4F15-A067-AD52DBBB6F6D} = {F601F52D-011D-4CB7-9F54-246F74F80D58}
		{A09DA8AB-E345-40CB-AA6F-80DD296830B7} = {C71A7441-4B66-414D-8ED7-D564FB898A73}
		{403C4FC3-16C8-4FB0-961B-0F8A76CBE503} = {C71A7441-4B66-414D-8ED7-D564FB898A73}
		{0C39E0C6-8B8B-46DE-BB23-3C5D75E79914} = {C71A7441-4B66-414D-8ED7-D564FB898A73}
		{13EDEAF4-7AF3-47BC-B50E-2A76B07B07BC} = {C71A7441-4B66-414D-8ED7-D564FB898A73}
		{A01B6D35-90DA-40DB-A1F9-74D9BE8D5DBD} = {BA130F97-0298-4A49-A616-E9F7B09602EF}
		{06272BD3-1836-4E7F-8DB2-3C86FA254F31} = {BA130F97-0298-4A49-A616-E9F7B09602EF}
	EndGlobalSection
	GlobalSection(ExtensibilityGlobals) = postSolution
		SolutionGuid = {7B7A17A5-D5D1-47A3-9F63-886440CE50DA}
	EndGlobalSection
EndGlobal
